
Microsoft Visual Studio Solution File, Format Version 12.00
# Visual Studio 15
Project("{FAE04EC0-301F-11D3-BF4B-00C04F79EFBC}") = "lab_10", "lab_10\lab_10.csproj", "{A64D0385-4D6A-4734-9419-EF718E72D327}"
EndProject
Global
	GlobalSection(SolutionConfigurationPlatforms) = preSolution
		Debug|Any CPU = Debug|Any CPU
		Release|Any CPU = Release|Any CPU
	EndGlobalSection
	GlobalSection(ProjectConfigurationPlatforms) = postSolution
		{A64D0385-4D6A-4734-9419-EF718E72D327}.Debug|Any CPU.ActiveCfg = Debug|Any CPU
		{A64D0385-4D6A-4734-9419-EF718E72D327}.Debug|Any CPU.Build.0 = Debug|Any CPU
		{A64D0385-4D6A-4734-9419-EF718E72D327}.Release|Any CPU.ActiveCfg = Release|Any CPU
		{A64D0385-4D6A-4734-9419-EF718E72D327}.Release|Any CPU.Build.0 = Release|Any CPU
	EndGlobalSection
EndGlobal
